
Microsoft Visual Studio Solution File, Format Version 12.00
# Visual Studio Version 17
VisualStudioVersion = 17.9.34622.214
MinimumVisualStudioVersion = 10.0.40219.1
Project("{FAE04EC0-301F-11D3-BF4B-00C04F79EFBC}") = "Recipe_Book", "Recipe_Book\Recipe_Book.csproj", "{44A814CE-0F6E-42C6-BFB5-0B5D81A3F7F0}"
EndProject
Global
	GlobalSection(SolutionConfigurationPlatforms) = preSolution
		Debug|Any CPU = Debug|Any CPU
		Release|Any CPU = Release|Any CPU
	EndGlobalSection
	GlobalSection(ProjectConfigurationPlatforms) = postSolution
		{44A814CE-0F6E-42C6-BFB5-0B5D81A3F7F0}.Debug|Any CPU.ActiveCfg = Debug|Any CPU
		{44A814CE-0F6E-42C6-BFB5-0B5D81A3F7F0}.Debug|Any CPU.Build.0 = Debug|Any CPU
		{44A814CE-0F6E-42C6-BFB5-0B5D81A3F7F0}.Release|Any CPU.ActiveCfg = Release|Any CPU
		{44A814CE-0F6E-42C6-BFB5-0B5D81A3F7F0}.Release|Any CPU.Build.0 = Release|Any CPU
	EndGlobalSection
	GlobalSection(SolutionProperties) = preSolution
		HideSolutionNode = FALSE
	EndGlobalSection
	GlobalSection(ExtensibilityGlobals) = postSolution
		SolutionGuid = {97787647-6578-4651-8079-1F5CC3144FB6}
	EndGlobalSection
EndGlobal
